
Microsoft Visual Studio Solution File, Format Version 12.00
# Visual Studio Version 17
VisualStudioVersion = 17.9.34701.34
MinimumVisualStudioVersion = 10.0.40219.1
Project("{FAE04EC0-301F-11D3-BF4B-00C04F79EFBC}") = "datum", "datum\datum.csproj", "{CCF90832-3081-462F-BEB6-6B3F147C0A4F}"
EndProject
Global
	GlobalSection(SolutionConfigurationPlatforms) = preSolution
		Debug|Any CPU = Debug|Any CPU
		Release|Any CPU = Release|Any CPU
	EndGlobalSection
	GlobalSection(ProjectConfigurationPlatforms) = postSolution
		{CCF90832-3081-462F-BEB6-6B3F147C0A4F}.Debug|Any CPU.ActiveCfg = Debug|Any CPU
		{CCF90832-3081-462F-BEB6-6B3F147C0A4F}.Debug|Any CPU.Build.0 = Debug|Any CPU
		{CCF90832-3081-462F-BEB6-6B3F147C0A4F}.Release|Any CPU.ActiveCfg = Release|Any CPU
		{CCF90832-3081-462F-BEB6-6B3F147C0A4F}.Release|Any CPU.Build.0 = Release|Any CPU
	EndGlobalSection
	GlobalSection(SolutionProperties) = preSolution
		HideSolutionNode = FALSE
	EndGlobalSection
	GlobalSection(ExtensibilityGlobals) = postSolution
		SolutionGuid = {417CAF7C-2220-4A48-94D8-85685CC0C58C}
	EndGlobalSection
EndGlobal
